
Microsoft Visual Studio Solution File, Format Version 12.00
# Visual Studio Version 17
VisualStudioVersion = 17.11.35303.130
MinimumVisualStudioVersion = 10.0.40219.1
Project("{FAE04EC0-301F-11D3-BF4B-00C04F79EFBC}") = "Excel_Compare_File", "Excel_Compare_File\Excel_Compare_File.csproj", "{40B743B6-2767-49AD-BDCD-CCFCBEAA425C}"
EndProject
Global
	GlobalSection(SolutionConfigurationPlatforms) = preSolution
		Debug|Any CPU = Debug|Any CPU
		Release|Any CPU = Release|Any CPU
	EndGlobalSection
	GlobalSection(ProjectConfigurationPlatforms) = postSolution
		{40B743B6-2767-49AD-BDCD-CCFCBEAA425C}.Debug|Any CPU.ActiveCfg = Debug|Any CPU
		{40B743B6-2767-49AD-BDCD-CCFCBEAA425C}.Debug|Any CPU.Build.0 = Debug|Any CPU
		{40B743B6-2767-49AD-BDCD-CCFCBEAA425C}.Release|Any CPU.ActiveCfg = Release|Any CPU
		{40B743B6-2767-49AD-BDCD-CCFCBEAA425C}.Release|Any CPU.Build.0 = Release|Any CPU
	EndGlobalSection
	GlobalSection(SolutionProperties) = preSolution
		HideSolutionNode = FALSE
	EndGlobalSection
	GlobalSection(ExtensibilityGlobals) = postSolution
		SolutionGuid = {F0A4E47D-BF72-4091-B472-04DC3029F74B}
	EndGlobalSection
EndGlobal
